{
  "requires": true,
  "lockfileVersion": 1,
  "dependencies": {
    "weui": {
      "version": "2.4.4",
      "resolved": "https://registry.npmjs.org/weui/-/weui-2.4.4.tgz",
      "integrity": "sha512-rqxKAFaDBKkF6H1GzumDR/CLcGBxCzOZ1KUIXqOieZ316wbaxojgs/j1w9RrsjkCdH6zL1kLnr/elsDKB9pMdg=="
    }
  }
}
